// !$*UTF8*$!
{
	archiveVersion = 1;
	classes = {
	};
	objectVersion = 54;
	objects = {

/* Begin PBXBuildFile section */
		AA47A0D12E9A00010001A002 /* MusicPitch.swift in Sources */ = {isa = PBXBuildFile; fileRef = AA47A0D12E9A00010001A001 /* MusicPitch.swift */; };
		AA47A0D12E9A00010001A004 /* NoteVoicing.swift in Sources */ = {isa = PBXBuildFile; fileRef = AA47A0D12E9A00010001A003 /* NoteVoicing.swift */; };
		AA47A0D12E9A00010001A006 /* PianoSamplePlayer.swift in Sources */ = {isa = PBXBuildFile; fileRef = AA47A0D12E9A00010001A005 /* PianoSamplePlayer.swift */; };
		AA47A0D12E9A00010001A011 /* PianoSampleStore.swift in Sources */ = {isa = PBXBuildFile; fileRef = AA47A0D12E9A00010001A010 /* PianoSampleStore.swift */; };
		AA47A0D12E9A00010001A013 /* PianoVoice.swift in Sources */ = {isa = PBXBuildFile; fileRef = AA47A0D12E9A00010001A012 /* PianoVoice.swift */; };
		AA47A0D12E9A00010001A015 /* PianoEngine.swift in Sources */ = {isa = PBXBuildFile; fileRef = AA47A0D12E9A00010001A014 /* PianoEngine.swift */; };
		AA47A0D12E9A00010001A009 /* Samples in Resources */ = {isa = PBXBuildFile; fileRef = AA47A0D12E9A00010001A008 /* Samples */; };
		AA47DC312E970000009B1967 /* SpaceGrotesk-Bold.ttf in Resources */ = {isa = PBXBuildFile; fileRef = AA47DC302E970000009B1967 /* SpaceGrotesk-Bold.ttf */; };
		AA47DC352E970000009B1969 /* BebasNeue-Regular.ttf in Resources */ = {isa = PBXBuildFile; fileRef = AA47DC362E970000009B1969 /* BebasNeue-Regular.ttf */; };
		AA47DC332E970000009B1968 /* SpaceGrotesk-SemiBold.ttf in Resources */ = {isa = PBXBuildFile; fileRef = AA47DC342E970000009B1968 /* SpaceGrotesk-SemiBold.ttf */; };
		AA47DC032E96CA00009B1967 /* NotesTheoryView.swift in Sources */ = {isa = PBXBuildFile; fileRef = AA47DC022E96CA00009B1967 /* NotesTheoryView.swift */; };
		AA47DC012E96CA00009B1967 /* NotesChordIdentifier.swift in Sources */ = {isa = PBXBuildFile; fileRef = AA47DC002E96CA00009B1967 /* NotesChordIdentifier.swift */; };
		AA47DC112E96D100009B1967 /* MusicQueryParser.swift in Sources */ = {isa = PBXBuildFile; fileRef = AA47DC102E96D100009B1967 /* MusicQueryParser.swift */; };
		AA47DC132E96D100009B1967 /* MusicQueryView.swift in Sources */ = {isa = PBXBuildFile; fileRef = AA47DC122E96D100009B1967 /* MusicQueryView.swift */; };
		AA47DBF12E96C800009B1967 /* OptionChipPicker.swift in Sources */ = {isa = PBXBuildFile; fileRef = AA47DBF02E96C800009B1967 /* OptionChipPicker.swift */; };
		AA47DBA02E96C754009B1967 /* Typography.swift in Sources */ = {isa = PBXBuildFile; fileRef = AA47DB9E2E96C754009B1967 /* Typography.swift */; };
		AA47DBA12E96C754009B1967 /* Colors.swift in Sources */ = {isa = PBXBuildFile; fileRef = AA47DB9C2E96C754009B1967 /* Colors.swift */; };
		AA47DBA22E96C754009B1967 /* Spacing.swift in Sources */ = {isa = PBXBuildFile; fileRef = AA47DB9D2E96C754009B1967 /* Spacing.swift */; };
		AA47DBA32E96C754009B1967 /* Animations.swift in Sources */ = {isa = PBXBuildFile; fileRef = AA47DB9B2E96C754009B1967 /* Animations.swift */; };
		AA47DBA82E96C761009B1967 /* FeatureButton.swift in Sources */ = {isa = PBXBuildFile; fileRef = AA47DBA52E96C761009B1967 /* FeatureButton.swift */; };
		AA47DBA92E96C761009B1967 /* EnhancedInputField.swift in Sources */ = {isa = PBXBuildFile; fileRef = AA47DBA42E96C761009B1967 /* EnhancedInputField.swift */; };
		AA47DBAA2E96C761009B1967 /* NavigationCard.swift in Sources */ = {isa = PBXBuildFile; fileRef = AA47DBA62E96C761009B1967 /* NavigationCard.swift */; };
		AA47DBAD2E96C76E009B1967 /* HapticManager.swift in Sources */ = {isa = PBXBuildFile; fileRef = AA47DBAB2E96C76E009B1967 /* HapticManager.swift */; };
		AA47DBBF2E96C776009B1967 /* NotePickerKeyboard.swift in Sources */ = {isa = PBXBuildFile; fileRef = AA47DBB12E96C776009B1967 /* NotePickerKeyboard.swift */; };
		AA47DC202E96E200009B1967 /* RootNotePadKeyboard.swift in Sources */ = {isa = PBXBuildFile; fileRef = AA47DC212E96E200009B1967 /* RootNotePadKeyboard.swift */; };
		AA47DBC02E96C776009B1967 /* InputTriadAns.swift in Sources */ = {isa = PBXBuildFile; fileRef = AA47DBB02E96C776009B1967 /* InputTriadAns.swift */; };
		AA47DBC12E96C776009B1967 /* scaleButtons.swift in Sources */ = {isa = PBXBuildFile; fileRef = AA47DBB42E96C776009B1967 /* scaleButtons.swift */; };
		AA47DBC22E96C776009B1967 /* IntervalView.swift in Sources */ = {isa = PBXBuildFile; fileRef = AA47DBB92E96C776009B1967 /* IntervalView.swift */; };
		AA47DBC32E96C776009B1967 /* InputChordSolveView.swift in Sources */ = {isa = PBXBuildFile; fileRef = AA47DBAF2E96C776009B1967 /* InputChordSolveView.swift */; };
		AA47DBC42E96C776009B1967 /* ScalesView.swift in Sources */ = {isa = PBXBuildFile; fileRef = AA47DBBB2E96C776009B1967 /* ScalesView.swift */; };
		AA47DBC52E96C776009B1967 /* scaleAnsView.swift in Sources */ = {isa = PBXBuildFile; fileRef = AA47DBB32E96C776009B1967 /* scaleAnsView.swift */; };
		AA47DBC62E96C776009B1967 /* ContentView.swift in Sources */ = {isa = PBXBuildFile; fileRef = AA47DBB82E96C776009B1967 /* ContentView.swift */; };
		AA47DBC72E96C776009B1967 /* MainTabView.swift in Sources */ = {isa = PBXBuildFile; fileRef = AA47DBBA2E96C776009B1967 /* MainTabView.swift */; };
		AA47DBC82E96C776009B1967 /* TriadView.swift in Sources */ = {isa = PBXBuildFile; fileRef = AA47DBBC2E96C776009B1967 /* TriadView.swift */; };
		AA47DBC92E96C776009B1967 /* InputAnsView.swift in Sources */ = {isa = PBXBuildFile; fileRef = AA47DBAE2E96C776009B1967 /* InputAnsView.swift */; };
		AA47DBCA2E96C776009B1967 /* qualityButton.swift in Sources */ = {isa = PBXBuildFile; fileRef = AA47DBB22E96C776009B1967 /* qualityButton.swift */; };
		AA47DBCB2E96C776009B1967 /* LegacyChordSpellView.swift in Sources */ = {isa = PBXBuildFile; fileRef = AA47DBB62E96C776009B1967 /* LegacyChordSpellView.swift */; };
		AA47DBCC2E96C776009B1967 /* ChordView.swift in Sources */ = {isa = PBXBuildFile; fileRef = AA47DBB72E96C776009B1967 /* ChordView.swift */; };
		D283F3C2262CCDF60069AF23 /* Functional_HarmonyApp.swift in Sources */ = {isa = PBXBuildFile; fileRef = D283F3C1262CCDF60069AF23 /* Functional_HarmonyApp.swift */; };
		D283F3C6262CCDF70069AF23 /* Assets.xcassets in Resources */ = {isa = PBXBuildFile; fileRef = D283F3C5262CCDF70069AF23 /* Assets.xcassets */; };
		D283F3C9262CCDF70069AF23 /* Preview Assets.xcassets in Resources */ = {isa = PBXBuildFile; fileRef = D283F3C8262CCDF70069AF23 /* Preview Assets.xcassets */; };
		D283F3D4262CCDF70069AF23 /* Functional_HarmonyTests.swift in Sources */ = {isa = PBXBuildFile; fileRef = D283F3D3262CCDF70069AF23 /* Functional_HarmonyTests.swift */; };
		D283F3DF262CCDF70069AF23 /* Functional_HarmonyUITests.swift in Sources */ = {isa = PBXBuildFile; fileRef = D283F3DE262CCDF70069AF23 /* Functional_HarmonyUITests.swift */; };
		D283F44C262CCF340069AF23 /* AnswerViewModel.swift in Sources */ = {isa = PBXBuildFile; fileRef = D283F44B262CCF340069AF23 /* AnswerViewModel.swift */; };
		D283F44D262CCF340069AF23 /* AnswerViewModel.swift in Sources */ = {isa = PBXBuildFile; fileRef = D283F44B262CCF340069AF23 /* AnswerViewModel.swift */; };
		D283F44E262CCF340069AF23 /* AnswerViewModel.swift in Sources */ = {isa = PBXBuildFile; fileRef = D283F44B262CCF340069AF23 /* AnswerViewModel.swift */; };
		D283F453262CCF5F0069AF23 /* scalesViewModel.swift in Sources */ = {isa = PBXBuildFile; fileRef = D283F452262CCF5F0069AF23 /* scalesViewModel.swift */; };
		D283F454262CCF5F0069AF23 /* scalesViewModel.swift in Sources */ = {isa = PBXBuildFile; fileRef = D283F452262CCF5F0069AF23 /* scalesViewModel.swift */; };
		D283F455262CCF5F0069AF23 /* scalesViewModel.swift in Sources */ = {isa = PBXBuildFile; fileRef = D283F452262CCF5F0069AF23 /* scalesViewModel.swift */; };
		D283F461262CCFC20069AF23 /* triadViewModel.swift in Sources */ = {isa = PBXBuildFile; fileRef = D283F460262CCFC20069AF23 /* triadViewModel.swift */; };
		D283F462262CCFC20069AF23 /* triadViewModel.swift in Sources */ = {isa = PBXBuildFile; fileRef = D283F460262CCFC20069AF23 /* triadViewModel.swift */; };
		D283F463262CCFC20069AF23 /* triadViewModel.swift in Sources */ = {isa = PBXBuildFile; fileRef = D283F460262CCFC20069AF23 /* triadViewModel.swift */; };
		D283F46F262CD0260069AF23 /* intervalDistances.swift in Sources */ = {isa = PBXBuildFile; fileRef = D283F46E262CD0260069AF23 /* intervalDistances.swift */; };
		D283F470262CD0260069AF23 /* intervalDistances.swift in Sources */ = {isa = PBXBuildFile; fileRef = D283F46E262CD0260069AF23 /* intervalDistances.swift */; };
		D283F471262CD0260069AF23 /* intervalDistances.swift in Sources */ = {isa = PBXBuildFile; fileRef = D283F46E262CD0260069AF23 /* intervalDistances.swift */; };
		D283F476262CD0450069AF23 /* scalesBuildModel.swift in Sources */ = {isa = PBXBuildFile; fileRef = D283F475262CD0450069AF23 /* scalesBuildModel.swift */; };
		D283F477262CD0450069AF23 /* scalesBuildModel.swift in Sources */ = {isa = PBXBuildFile; fileRef = D283F475262CD0450069AF23 /* scalesBuildModel.swift */; };
		D283F478262CD0450069AF23 /* scalesBuildModel.swift in Sources */ = {isa = PBXBuildFile; fileRef = D283F475262CD0450069AF23 /* scalesBuildModel.swift */; };
		D283F47D262CD05F0069AF23 /* triadBuildModel.swift in Sources */ = {isa = PBXBuildFile; fileRef = D283F47C262CD05F0069AF23 /* triadBuildModel.swift */; };
		D283F47E262CD05F0069AF23 /* triadBuildModel.swift in Sources */ = {isa = PBXBuildFile; fileRef = D283F47C262CD05F0069AF23 /* triadBuildModel.swift */; };
		D283F47F262CD05F0069AF23 /* triadBuildModel.swift in Sources */ = {isa = PBXBuildFile; fileRef = D283F47C262CD05F0069AF23 /* triadBuildModel.swift */; };
		D283F484262CD06F0069AF23 /* triadInts.swift in Sources */ = {isa = PBXBuildFile; fileRef = D283F483262CD06F0069AF23 /* triadInts.swift */; };
		D283F485262CD06F0069AF23 /* triadInts.swift in Sources */ = {isa = PBXBuildFile; fileRef = D283F483262CD06F0069AF23 /* triadInts.swift */; };
		D283F486262CD06F0069AF23 /* triadInts.swift in Sources */ = {isa = PBXBuildFile; fileRef = D283F483262CD06F0069AF23 /* triadInts.swift */; };
		D283F4B4262CD30D0069AF23 /* ChordIntervalViewModel.swift in Sources */ = {isa = PBXBuildFile; fileRef = D283F4B3262CD30D0069AF23 /* ChordIntervalViewModel.swift */; };
		D283F4B5262CD30D0069AF23 /* ChordIntervalViewModel.swift in Sources */ = {isa = PBXBuildFile; fileRef = D283F4B3262CD30D0069AF23 /* ChordIntervalViewModel.swift */; };
		D283F4B6262CD30D0069AF23 /* ChordIntervalViewModel.swift in Sources */ = {isa = PBXBuildFile; fileRef = D283F4B3262CD30D0069AF23 /* ChordIntervalViewModel.swift */; };
		D283F4BB262CD33C0069AF23 /* ChordIntervalModel.swift in Sources */ = {isa = PBXBuildFile; fileRef = D283F4BA262CD33C0069AF23 /* ChordIntervalModel.swift */; };
		D283F4BC262CD33C0069AF23 /* ChordIntervalModel.swift in Sources */ = {isa = PBXBuildFile; fileRef = D283F4BA262CD33C0069AF23 /* ChordIntervalModel.swift */; };
		D283F4BD262CD33C0069AF23 /* ChordIntervalModel.swift in Sources */ = {isa = PBXBuildFile; fileRef = D283F4BA262CD33C0069AF23 /* ChordIntervalModel.swift */; };
/* End PBXBuildFile section */

/* Begin PBXContainerItemProxy section */
		D283F3D0262CCDF70069AF23 /* PBXContainerItemProxy */ = {
			isa = PBXContainerItemProxy;
			containerPortal = D283F3B6262CCDF60069AF23 /* Project object */;
			proxyType = 1;
			remoteGlobalIDString = D283F3BD262CCDF60069AF23;
			remoteInfo = "Functional Harmony";
		};
		D283F3DB262CCDF70069AF23 /* PBXContainerItemProxy */ = {
			isa = PBXContainerItemProxy;
			containerPortal = D283F3B6262CCDF60069AF23 /* Project object */;
			proxyType = 1;
			remoteGlobalIDString = D283F3BD262CCDF60069AF23;
			remoteInfo = "Functional Harmony";
		};
/* End PBXContainerItemProxy section */

/* Begin PBXFileReference section */
		AA47A0D12E9A00010001A001 /* MusicPitch.swift */ = {isa = PBXFileReference; lastKnownFileType = sourcecode.swift; path = MusicPitch.swift; sourceTree = "<group>"; };
		AA47A0D12E9A00010001A003 /* NoteVoicing.swift */ = {isa = PBXFileReference; lastKnownFileType = sourcecode.swift; path = NoteVoicing.swift; sourceTree = "<group>"; };
		AA47A0D12E9A00010001A005 /* PianoSamplePlayer.swift */ = {isa = PBXFileReference; lastKnownFileType = sourcecode.swift; path = PianoSamplePlayer.swift; sourceTree = "<group>"; };
		AA47A0D12E9A00010001A010 /* PianoSampleStore.swift */ = {isa = PBXFileReference; lastKnownFileType = sourcecode.swift; path = PianoSampleStore.swift; sourceTree = "<group>"; };
		AA47A0D12E9A00010001A012 /* PianoVoice.swift */ = {isa = PBXFileReference; lastKnownFileType = sourcecode.swift; path = PianoVoice.swift; sourceTree = "<group>"; };
		AA47A0D12E9A00010001A014 /* PianoEngine.swift */ = {isa = PBXFileReference; lastKnownFileType = sourcecode.swift; path = PianoEngine.swift; sourceTree = "<group>"; };
		AA47A0D12E9A00010001A008 /* Samples */ = {isa = PBXFileReference; lastKnownFileType = folder; path = Samples; sourceTree = "<group>"; };
		AA47DC302E970000009B1967 /* SpaceGrotesk-Bold.ttf */ = {isa = PBXFileReference; lastKnownFileType = file; path = "SpaceGrotesk-Bold.ttf"; sourceTree = "<group>"; };
		AA47DC362E970000009B1969 /* BebasNeue-Regular.ttf */ = {isa = PBXFileReference; lastKnownFileType = file; path = "BebasNeue-Regular.ttf"; sourceTree = "<group>"; };
		AA47DC342E970000009B1968 /* SpaceGrotesk-SemiBold.ttf */ = {isa = PBXFileReference; lastKnownFileType = file; path = "SpaceGrotesk-SemiBold.ttf"; sourceTree = "<group>"; };
		AA47DC022E96CA00009B1967 /* NotesTheoryView.swift */ = {isa = PBXFileReference; lastKnownFileType = sourcecode.swift; path = NotesTheoryView.swift; sourceTree = "<group>"; };
		AA47DC002E96CA00009B1967 /* NotesChordIdentifier.swift */ = {isa = PBXFileReference; lastKnownFileType = sourcecode.swift; path = NotesChordIdentifier.swift; sourceTree = "<group>"; };
		AA47DC102E96D100009B1967 /* MusicQueryParser.swift */ = {isa = PBXFileReference; lastKnownFileType = sourcecode.swift; path = MusicQueryParser.swift; sourceTree = "<group>"; };
		AA47DC122E96D100009B1967 /* MusicQueryView.swift */ = {isa = PBXFileReference; lastKnownFileType = sourcecode.swift; path = MusicQueryView.swift; sourceTree = "<group>"; };
		AA47DBF02E96C800009B1967 /* OptionChipPicker.swift */ = {isa = PBXFileReference; lastKnownFileType = sourcecode.swift; path = OptionChipPicker.swift; sourceTree = "<group>"; };
		AA47DB9B2E96C754009B1967 /* Animations.swift */ = {isa = PBXFileReference; lastKnownFileType = sourcecode.swift; path = Animations.swift; sourceTree = "<group>"; };
		AA47DB9C2E96C754009B1967 /* Colors.swift */ = {isa = PBXFileReference; lastKnownFileType = sourcecode.swift; path = Colors.swift; sourceTree = "<group>"; };
		AA47DB9D2E96C754009B1967 /* Spacing.swift */ = {isa = PBXFileReference; lastKnownFileType = sourcecode.swift; path = Spacing.swift; sourceTree = "<group>"; };
		AA47DB9E2E96C754009B1967 /* Typography.swift */ = {isa = PBXFileReference; lastKnownFileType = sourcecode.swift; path = Typography.swift; sourceTree = "<group>"; };
		AA47DBA42E96C761009B1967 /* EnhancedInputField.swift */ = {isa = PBXFileReference; lastKnownFileType = sourcecode.swift; path = EnhancedInputField.swift; sourceTree = "<group>"; };
		AA47DBA52E96C761009B1967 /* FeatureButton.swift */ = {isa = PBXFileReference; lastKnownFileType = sourcecode.swift; path = FeatureButton.swift; sourceTree = "<group>"; };
		AA47DBA62E96C761009B1967 /* NavigationCard.swift */ = {isa = PBXFileReference; lastKnownFileType = sourcecode.swift; path = NavigationCard.swift; sourceTree = "<group>"; };
		AA47DBAB2E96C76E009B1967 /* HapticManager.swift */ = {isa = PBXFileReference; lastKnownFileType = sourcecode.swift; path = HapticManager.swift; sourceTree = "<group>"; };
		AA47DBAE2E96C776009B1967 /* InputAnsView.swift */ = {isa = PBXFileReference; lastKnownFileType = sourcecode.swift; path = InputAnsView.swift; sourceTree = "<group>"; };
		AA47DBAF2E96C776009B1967 /* InputChordSolveView.swift */ = {isa = PBXFileReference; lastKnownFileType = sourcecode.swift; path = InputChordSolveView.swift; sourceTree = "<group>"; };
		AA47DBB02E96C776009B1967 /* InputTriadAns.swift */ = {isa = PBXFileReference; lastKnownFileType = sourcecode.swift; path = InputTriadAns.swift; sourceTree = "<group>"; };
		AA47DBB12E96C776009B1967 /* NotePickerKeyboard.swift */ = {isa = PBXFileReference; lastKnownFileType = sourcecode.swift; path = NotePickerKeyboard.swift; sourceTree = "<group>"; };
		AA47DC212E96E200009B1967 /* RootNotePadKeyboard.swift */ = {isa = PBXFileReference; lastKnownFileType = sourcecode.swift; path = RootNotePadKeyboard.swift; sourceTree = "<group>"; };
		AA47DBB22E96C776009B1967 /* qualityButton.swift */ = {isa = PBXFileReference; lastKnownFileType = sourcecode.swift; path = qualityButton.swift; sourceTree = "<group>"; };
		AA47DBB32E96C776009B1967 /* scaleAnsView.swift */ = {isa = PBXFileReference; lastKnownFileType = sourcecode.swift; path = scaleAnsView.swift; sourceTree = "<group>"; };
		AA47DBB42E96C776009B1967 /* scaleButtons.swift */ = {isa = PBXFileReference; lastKnownFileType = sourcecode.swift; path = scaleButtons.swift; sourceTree = "<group>"; };
		AA47DBB62E96C776009B1967 /* LegacyChordSpellView.swift */ = {isa = PBXFileReference; lastKnownFileType = sourcecode.swift; path = LegacyChordSpellView.swift; sourceTree = "<group>"; };
		AA47DBB72E96C776009B1967 /* ChordView.swift */ = {isa = PBXFileReference; lastKnownFileType = sourcecode.swift; path = ChordView.swift; sourceTree = "<group>"; };
		AA47DBB82E96C776009B1967 /* ContentView.swift */ = {isa = PBXFileReference; lastKnownFileType = sourcecode.swift; path = ContentView.swift; sourceTree = "<group>"; };
		AA47DBB92E96C776009B1967 /* IntervalView.swift */ = {isa = PBXFileReference; lastKnownFileType = sourcecode.swift; path = IntervalView.swift; sourceTree = "<group>"; };
		AA47DBBA2E96C776009B1967 /* MainTabView.swift */ = {isa = PBXFileReference; lastKnownFileType = sourcecode.swift; path = MainTabView.swift; sourceTree = "<group>"; };
		AA47DBBB2E96C776009B1967 /* ScalesView.swift */ = {isa = PBXFileReference; lastKnownFileType = sourcecode.swift; path = ScalesView.swift; sourceTree = "<group>"; };
		AA47DBBC2E96C776009B1967 /* TriadView.swift */ = {isa = PBXFileReference; lastKnownFileType = sourcecode.swift; path = TriadView.swift; sourceTree = "<group>"; };
		D283F3BE262CCDF60069AF23 /* Functional Harmony.app */ = {isa = PBXFileReference; explicitFileType = wrapper.application; includeInIndex = 0; path = "Functional Harmony.app"; sourceTree = BUILT_PRODUCTS_DIR; };
		D283F3C1262CCDF60069AF23 /* Functional_HarmonyApp.swift */ = {isa = PBXFileReference; lastKnownFileType = sourcecode.swift; path = Functional_HarmonyApp.swift; sourceTree = "<group>"; };
		D283F3C5262CCDF70069AF23 /* Assets.xcassets */ = {isa = PBXFileReference; lastKnownFileType = folder.assetcatalog; path = Assets.xcassets; sourceTree = "<group>"; };
		D283F3C8262CCDF70069AF23 /* Preview Assets.xcassets */ = {isa = PBXFileReference; lastKnownFileType = folder.assetcatalog; path = "Preview Assets.xcassets"; sourceTree = "<group>"; };
		D283F3CA262CCDF70069AF23 /* Info.plist */ = {isa = PBXFileReference; lastKnownFileType = text.plist.xml; path = Info.plist; sourceTree = "<group>"; };
		D283F3CF262CCDF70069AF23 /* Functional HarmonyTests.xctest */ = {isa = PBXFileReference; explicitFileType = wrapper.cfbundle; includeInIndex = 0; path = "Functional HarmonyTests.xctest"; sourceTree = BUILT_PRODUCTS_DIR; };
		D283F3D3262CCDF70069AF23 /* Functional_HarmonyTests.swift */ = {isa = PBXFileReference; lastKnownFileType = sourcecode.swift; path = Functional_HarmonyTests.swift; sourceTree = "<group>"; };
		D283F3D5262CCDF70069AF23 /* Info.plist */ = {isa = PBXFileReference; lastKnownFileType = text.plist.xml; path = Info.plist; sourceTree = "<group>"; };
		D283F3DA262CCDF70069AF23 /* Functional HarmonyUITests.xctest */ = {isa = PBXFileReference; explicitFileType = wrapper.cfbundle; includeInIndex = 0; path = "Functional HarmonyUITests.xctest"; sourceTree = BUILT_PRODUCTS_DIR; };
		D283F3DE262CCDF70069AF23 /* Functional_HarmonyUITests.swift */ = {isa = PBXFileReference; lastKnownFileType = sourcecode.swift; path = Functional_HarmonyUITests.swift; sourceTree = "<group>"; };
		D283F3E0262CCDF70069AF23 /* Info.plist */ = {isa = PBXFileReference; lastKnownFileType = text.plist.xml; path = Info.plist; sourceTree = "<group>"; };
		D283F44B262CCF340069AF23 /* AnswerViewModel.swift */ = {isa = PBXFileReference; lastKnownFileType = sourcecode.swift; path = AnswerViewModel.swift; sourceTree = "<group>"; };
		D283F452262CCF5F0069AF23 /* scalesViewModel.swift */ = {isa = PBXFileReference; lastKnownFileType = sourcecode.swift; path = scalesViewModel.swift; sourceTree = "<group>"; };
		D283F460262CCFC20069AF23 /* triadViewModel.swift */ = {isa = PBXFileReference; lastKnownFileType = sourcecode.swift; path = triadViewModel.swift; sourceTree = "<group>"; };
		D283F46E262CD0260069AF23 /* intervalDistances.swift */ = {isa = PBXFileReference; lastKnownFileType = sourcecode.swift; path = intervalDistances.swift; sourceTree = "<group>"; };
		D283F475262CD0450069AF23 /* scalesBuildModel.swift */ = {isa = PBXFileReference; lastKnownFileType = sourcecode.swift; path = scalesBuildModel.swift; sourceTree = "<group>"; };
		D283F47C262CD05F0069AF23 /* triadBuildModel.swift */ = {isa = PBXFileReference; lastKnownFileType = sourcecode.swift; path = triadBuildModel.swift; sourceTree = "<group>"; };
		D283F483262CD06F0069AF23 /* triadInts.swift */ = {isa = PBXFileReference; lastKnownFileType = sourcecode.swift; path = triadInts.swift; sourceTree = "<group>"; };
		D283F4B3262CD30D0069AF23 /* ChordIntervalViewModel.swift */ = {isa = PBXFileReference; lastKnownFileType = sourcecode.swift; path = ChordIntervalViewModel.swift; sourceTree = "<group>"; };
		D283F4BA262CD33C0069AF23 /* ChordIntervalModel.swift */ = {isa = PBXFileReference; lastKnownFileType = sourcecode.swift; path = ChordIntervalModel.swift; sourceTree = "<group>"; };
/* End PBXFileReference section */

/* Begin PBXFrameworksBuildPhase section */
		D283F3BB262CCDF60069AF23 /* Frameworks */ = {
			isa = PBXFrameworksBuildPhase;
			buildActionMask = 2147483647;
			files = (
			);
			runOnlyForDeploymentPostprocessing = 0;
		};
		D283F3CC262CCDF70069AF23 /* Frameworks */ = {
			isa = PBXFrameworksBuildPhase;
			buildActionMask = 2147483647;
			files = (
			);
			runOnlyForDeploymentPostprocessing = 0;
		};
		D283F3D7262CCDF70069AF23 /* Frameworks */ = {
			isa = PBXFrameworksBuildPhase;
			buildActionMask = 2147483647;
			files = (
			);
			runOnlyForDeploymentPostprocessing = 0;
		};
/* End PBXFrameworksBuildPhase section */

/* Begin PBXGroup section */
		AA47DB9F2E96C754009B1967 /* DesignSystem */ = {
			isa = PBXGroup;
			children = (
				AA47DB9B2E96C754009B1967 /* Animations.swift */,
				AA47DB9C2E96C754009B1967 /* Colors.swift */,
				AA47DB9D2E96C754009B1967 /* Spacing.swift */,
				AA47DB9E2E96C754009B1967 /* Typography.swift */,
			);
			path = DesignSystem;
			sourceTree = "<group>";
		};
		AA47DBA72E96C761009B1967 /* Components */ = {
			isa = PBXGroup;
			children = (
				AA47DBA42E96C761009B1967 /* EnhancedInputField.swift */,
				AA47DBA52E96C761009B1967 /* FeatureButton.swift */,
				AA47DBA62E96C761009B1967 /* NavigationCard.swift */,
				AA47DBF02E96C800009B1967 /* OptionChipPicker.swift */,
			);
			path = Components;
			sourceTree = "<group>";
		};
		AA47DBAC2E96C76E009B1967 /* Utils */ = {
			isa = PBXGroup;
			children = (
				AA47DBAB2E96C76E009B1967 /* HapticManager.swift */,
			);
			path = Utils;
			sourceTree = "<group>";
		};
		AA47DBB52E96C776009B1967 /* Add-ons */ = {
			isa = PBXGroup;
			children = (
				AA47DBAE2E96C776009B1967 /* InputAnsView.swift */,
				AA47DBAF2E96C776009B1967 /* InputChordSolveView.swift */,
				AA47DBB02E96C776009B1967 /* InputTriadAns.swift */,
				AA47DBB12E96C776009B1967 /* NotePickerKeyboard.swift */,
				AA47DC212E96E200009B1967 /* RootNotePadKeyboard.swift */,
				AA47DBB22E96C776009B1967 /* qualityButton.swift */,
				AA47DBB32E96C776009B1967 /* scaleAnsView.swift */,
				AA47DBB42E96C776009B1967 /* scaleButtons.swift */,
			);
			path = "Add-ons";
			sourceTree = "<group>";
		};
		AA47DBBD2E96C776009B1967 /* Main Screens */ = {
			isa = PBXGroup;
			children = (
				AA47DBB62E96C776009B1967 /* LegacyChordSpellView.swift */,
				AA47DBB72E96C776009B1967 /* ChordView.swift */,
				AA47DBB82E96C776009B1967 /* ContentView.swift */,
				AA47DBB92E96C776009B1967 /* IntervalView.swift */,
				AA47DBBA2E96C776009B1967 /* MainTabView.swift */,
				AA47DC022E96CA00009B1967 /* NotesTheoryView.swift */,
				AA47DC122E96D100009B1967 /* MusicQueryView.swift */,
				AA47DBBB2E96C776009B1967 /* ScalesView.swift */,
				AA47DBBC2E96C776009B1967 /* TriadView.swift */,
			);
			path = "Main Screens";
			sourceTree = "<group>";
		};
		AA47DBBE2E96C776009B1967 /* Views */ = {
			isa = PBXGroup;
			children = (
				AA47DBB52E96C776009B1967 /* Add-ons */,
				AA47DBBD2E96C776009B1967 /* Main Screens */,
			);
			path = Views;
			sourceTree = "<group>";
		};
		D283F3B5262CCDF60069AF23 = {
			isa = PBXGroup;
			children = (
				D283F3C0262CCDF60069AF23 /* Functional Harmony */,
				D283F3D2262CCDF70069AF23 /* Functional HarmonyTests */,
				D283F3DD262CCDF70069AF23 /* Functional HarmonyUITests */,
				D283F3BF262CCDF60069AF23 /* Products */,
			);
			sourceTree = "<group>";
		};
		D283F3BF262CCDF60069AF23 /* Products */ = {
			isa = PBXGroup;
			children = (
				D283F3BE262CCDF60069AF23 /* Functional Harmony.app */,
				D283F3CF262CCDF70069AF23 /* Functional HarmonyTests.xctest */,
				D283F3DA262CCDF70069AF23 /* Functional HarmonyUITests.xctest */,
			);
			name = Products;
			sourceTree = "<group>";
		};
		AA47DC322E970000009B1967 /* Fonts */ = {
			isa = PBXGroup;
			children = (
				AA47DC362E970000009B1969 /* BebasNeue-Regular.ttf */,
				AA47DC302E970000009B1967 /* SpaceGrotesk-Bold.ttf */,
				AA47DC342E970000009B1968 /* SpaceGrotesk-SemiBold.ttf */,
			);
			path = Fonts;
			sourceTree = "<group>";
		};
		AA47A0D12E9A00010001A007 /* Audio */ = {
			isa = PBXGroup;
			children = (
				AA47A0D12E9A00010001A001 /* MusicPitch.swift */,
				AA47A0D12E9A00010001A003 /* NoteVoicing.swift */,
				AA47A0D12E9A00010001A005 /* PianoSamplePlayer.swift */,
				AA47A0D12E9A00010001A010 /* PianoSampleStore.swift */,
				AA47A0D12E9A00010001A012 /* PianoVoice.swift */,
				AA47A0D12E9A00010001A014 /* PianoEngine.swift */,
				AA47A0D12E9A00010001A008 /* Samples */,
			);
			path = Audio;
			sourceTree = "<group>";
		};
		D283F3C0262CCDF60069AF23 /* Functional Harmony */ = {
			isa = PBXGroup;
			children = (
				AA47A0D12E9A00010001A007 /* Audio */,
				AA47DBBE2E96C776009B1967 /* Views */,
				D283F496262CD1FE0069AF23 /* ViewModels */,
				D283F497262CD21E0069AF23 /* Models */,
				D283F3C1262CCDF60069AF23 /* Functional_HarmonyApp.swift */,
				D283F3C5262CCDF70069AF23 /* Assets.xcassets */,
				AA47DC322E970000009B1967 /* Fonts */,
				D283F3CA262CCDF70069AF23 /* Info.plist */,
				D283F3C7262CCDF70069AF23 /* Preview Content */,
				AA47DB9F2E96C754009B1967 /* DesignSystem */,
				AA47DBA72E96C761009B1967 /* Components */,
				AA47DBAC2E96C76E009B1967 /* Utils */,
			);
			path = "Functional Harmony";
			sourceTree = "<group>";
		};
		D283F3C7262CCDF70069AF23 /* Preview Content */ = {
			isa = PBXGroup;
			children = (
				D283F3C8262CCDF70069AF23 /* Preview Assets.xcassets */,
			);
			path = "Preview Content";
			sourceTree = "<group>";
		};
		D283F3D2262CCDF70069AF23 /* Functional HarmonyTests */ = {
			isa = PBXGroup;
			children = (
				D283F3D3262CCDF70069AF23 /* Functional_HarmonyTests.swift */,
				D283F3D5262CCDF70069AF23 /* Info.plist */,
			);
			path = "Functional HarmonyTests";
			sourceTree = "<group>";
		};
		D283F3DD262CCDF70069AF23 /* Functional HarmonyUITests */ = {
			isa = PBXGroup;
			children = (
				D283F3DE262CCDF70069AF23 /* Functional_HarmonyUITests.swift */,
				D283F3E0262CCDF70069AF23 /* Info.plist */,
			);
			path = "Functional HarmonyUITests";
			sourceTree = "<group>";
		};
		D283F496262CD1FE0069AF23 /* ViewModels */ = {
			isa = PBXGroup;
			children = (
				D283F44B262CCF340069AF23 /* AnswerViewModel.swift */,
				D283F452262CCF5F0069AF23 /* scalesViewModel.swift */,
				D283F460262CCFC20069AF23 /* triadViewModel.swift */,
				D283F4B3262CD30D0069AF23 /* ChordIntervalViewModel.swift */,
			);
			path = ViewModels;
			sourceTree = "<group>";
		};
		D283F497262CD21E0069AF23 /* Models */ = {
			isa = PBXGroup;
			children = (
				D283F46E262CD0260069AF23 /* intervalDistances.swift */,
				AA47DC002E96CA00009B1967 /* NotesChordIdentifier.swift */,
				AA47DC102E96D100009B1967 /* MusicQueryParser.swift */,
				D283F475262CD0450069AF23 /* scalesBuildModel.swift */,
				D283F47C262CD05F0069AF23 /* triadBuildModel.swift */,
				D283F483262CD06F0069AF23 /* triadInts.swift */,
				D283F4BA262CD33C0069AF23 /* ChordIntervalModel.swift */,
			);
			path = Models;
			sourceTree = "<group>";
		};
/* End PBXGroup section */

/* Begin PBXNativeTarget section */
		D283F3BD262CCDF60069AF23 /* Functional Harmony */ = {
			isa = PBXNativeTarget;
			buildConfigurationList = D283F3E3262CCDF70069AF23 /* Build configuration list for PBXNativeTarget "Functional Harmony" */;
			buildPhases = (
				D283F3BA262CCDF60069AF23 /* Sources */,
				D283F3BB262CCDF60069AF23 /* Frameworks */,
				D283F3BC262CCDF60069AF23 /* Resources */,
			);
			buildRules = (
			);
			dependencies = (
			);
			name = "Functional Harmony";
			productName = "Functional Harmony";
			productReference = D283F3BE262CCDF60069AF23 /* Functional Harmony.app */;
			productType = "com.apple.product-type.application";
		};
		D283F3CE262CCDF70069AF23 /* Functional HarmonyTests */ = {
			isa = PBXNativeTarget;
			buildConfigurationList = D283F3E6262CCDF70069AF23 /* Build configuration list for PBXNativeTarget "Functional HarmonyTests" */;
			buildPhases = (
				D283F3CB262CCDF70069AF23 /* Sources */,
				D283F3CC262CCDF70069AF23 /* Frameworks */,
				D283F3CD262CCDF70069AF23 /* Resources */,
			);
			buildRules = (
			);
			dependencies = (
				D283F3D1262CCDF70069AF23 /* PBXTargetDependency */,
			);
			name = "Functional HarmonyTests";
			productName = "Functional HarmonyTests";
			productReference = D283F3CF262CCDF70069AF23 /* Functional HarmonyTests.xctest */;
			productType = "com.apple.product-type.bundle.unit-test";
		};
		D283F3D9262CCDF70069AF23 /* Functional HarmonyUITests */ = {
			isa = PBXNativeTarget;
			buildConfigurationList = D283F3E9262CCDF70069AF23 /* Build configuration list for PBXNativeTarget "Functional HarmonyUITests" */;
			buildPhases = (
				D283F3D6262CCDF70069AF23 /* Sources */,
				D283F3D7262CCDF70069AF23 /* Frameworks */,
				D283F3D8262CCDF70069AF23 /* Resources */,
			);
			buildRules = (
			);
			dependencies = (
				D283F3DC262CCDF70069AF23 /* PBXTargetDependency */,
			);
			name = "Functional HarmonyUITests";
			productName = "Functional HarmonyUITests";
			productReference = D283F3DA262CCDF70069AF23 /* Functional HarmonyUITests.xctest */;
			productType = "com.apple.product-type.bundle.ui-testing";
		};
/* End PBXNativeTarget section */

/* Begin PBXProject section */
		D283F3B6262CCDF60069AF23 /* Project object */ = {
			isa = PBXProject;
			attributes = {
				BuildIndependentTargetsInParallel = YES;
				LastSwiftUpdateCheck = 1240;
				LastUpgradeCheck = 1640;
				TargetAttributes = {
					D283F3BD262CCDF60069AF23 = {
						CreatedOnToolsVersion = 12.4;
					};
					D283F3CE262CCDF70069AF23 = {
						CreatedOnToolsVersion = 12.4;
						TestTargetID = D283F3BD262CCDF60069AF23;
					};
					D283F3D9262CCDF70069AF23 = {
						CreatedOnToolsVersion = 12.4;
						TestTargetID = D283F3BD262CCDF60069AF23;
					};
				};
			};
			buildConfigurationList = D283F3B9262CCDF60069AF23 /* Build configuration list for PBXProject "Functional Harmony" */;
			compatibilityVersion = "Xcode 9.3";
			developmentRegion = en;
			hasScannedForEncodings = 0;
			knownRegions = (
				en,
				Base,
			);
			mainGroup = D283F3B5262CCDF60069AF23;
			productRefGroup = D283F3BF262CCDF60069AF23 /* Products */;
			projectDirPath = "";
			projectRoot = "";
			targets = (
				D283F3BD262CCDF60069AF23 /* Functional Harmony */,
				D283F3CE262CCDF70069AF23 /* Functional HarmonyTests */,
				D283F3D9262CCDF70069AF23 /* Functional HarmonyUITests */,
			);
		};
/* End PBXProject section */

/* Begin PBXResourcesBuildPhase section */
		D283F3BC262CCDF60069AF23 /* Resources */ = {
			isa = PBXResourcesBuildPhase;
			buildActionMask = 2147483647;
			files = (
				D283F3C9262CCDF70069AF23 /* Preview Assets.xcassets in Resources */,
				D283F3C6262CCDF70069AF23 /* Assets.xcassets in Resources */,
				AA47DC352E970000009B1969 /* BebasNeue-Regular.ttf in Resources */,
				AA47DC312E970000009B1967 /* SpaceGrotesk-Bold.ttf in Resources */,
				AA47DC332E970000009B1968 /* SpaceGrotesk-SemiBold.ttf in Resources */,
				AA47A0D12E9A00010001A009 /* Samples in Resources */,
			);
			runOnlyForDeploymentPostprocessing = 0;
		};
		D283F3CD262CCDF70069AF23 /* Resources */ = {
			isa = PBXResourcesBuildPhase;
			buildActionMask = 2147483647;
			files = (
			);
			runOnlyForDeploymentPostprocessing = 0;
		};
		D283F3D8262CCDF70069AF23 /* Resources */ = {
			isa = PBXResourcesBuildPhase;
			buildActionMask = 2147483647;
			files = (
			);
			runOnlyForDeploymentPostprocessing = 0;
		};
/* End PBXResourcesBuildPhase section */

/* Begin PBXSourcesBuildPhase section */
		D283F3BA262CCDF60069AF23 /* Sources */ = {
			isa = PBXSourcesBuildPhase;
			buildActionMask = 2147483647;
			files = (
				AA47DBA02E96C754009B1967 /* Typography.swift in Sources */,
				AA47DBA12E96C754009B1967 /* Colors.swift in Sources */,
				AA47DBA22E96C754009B1967 /* Spacing.swift in Sources */,
				AA47DBA32E96C754009B1967 /* Animations.swift in Sources */,
				D283F4B4262CD30D0069AF23 /* ChordIntervalViewModel.swift in Sources */,
				D283F44C262CCF340069AF23 /* AnswerViewModel.swift in Sources */,
				D283F484262CD06F0069AF23 /* triadInts.swift in Sources */,
				AA47DBBF2E96C776009B1967 /* NotePickerKeyboard.swift in Sources */,
				AA47DC202E96E200009B1967 /* RootNotePadKeyboard.swift in Sources */,
				AA47DBC02E96C776009B1967 /* InputTriadAns.swift in Sources */,
				AA47DBC12E96C776009B1967 /* scaleButtons.swift in Sources */,
				AA47DBC22E96C776009B1967 /* IntervalView.swift in Sources */,
				AA47DBC32E96C776009B1967 /* InputChordSolveView.swift in Sources */,
				AA47DBC42E96C776009B1967 /* ScalesView.swift in Sources */,
				AA47DBC52E96C776009B1967 /* scaleAnsView.swift in Sources */,
				AA47DBC62E96C776009B1967 /* ContentView.swift in Sources */,
				AA47DBC72E96C776009B1967 /* MainTabView.swift in Sources */,
				AA47DBC82E96C776009B1967 /* TriadView.swift in Sources */,
				AA47DBC92E96C776009B1967 /* InputAnsView.swift in Sources */,
				AA47DBCA2E96C776009B1967 /* qualityButton.swift in Sources */,
				AA47DBCB2E96C776009B1967 /* LegacyChordSpellView.swift in Sources */,
				AA47DBCC2E96C776009B1967 /* ChordView.swift in Sources */,
				D283F4BB262CD33C0069AF23 /* ChordIntervalModel.swift in Sources */,
				AA47DBA82E96C761009B1967 /* FeatureButton.swift in Sources */,
				AA47DBA92E96C761009B1967 /* EnhancedInputField.swift in Sources */,
				AA47DBAA2E96C761009B1967 /* NavigationCard.swift in Sources */,
				AA47DBF12E96C800009B1967 /* OptionChipPicker.swift in Sources */,
				AA47DC032E96CA00009B1967 /* NotesTheoryView.swift in Sources */,
				AA47DC012E96CA00009B1967 /* NotesChordIdentifier.swift in Sources */,
				AA47DC112E96D100009B1967 /* MusicQueryParser.swift in Sources */,
				AA47DC132E96D100009B1967 /* MusicQueryView.swift in Sources */,
				D283F46F262CD0260069AF23 /* intervalDistances.swift in Sources */,
				D283F476262CD0450069AF23 /* scalesBuildModel.swift in Sources */,
				D283F3C2262CCDF60069AF23 /* Functional_HarmonyApp.swift in Sources */,
				D283F47D262CD05F0069AF23 /* triadBuildModel.swift in Sources */,
				D283F453262CCF5F0069AF23 /* scalesViewModel.swift in Sources */,
				AA47DBAD2E96C76E009B1967 /* HapticManager.swift in Sources */,
				D283F461262CCFC20069AF23 /* triadViewModel.swift in Sources */,
				AA47A0D12E9A00010001A002 /* MusicPitch.swift in Sources */,
				AA47A0D12E9A00010001A004 /* NoteVoicing.swift in Sources */,
				AA47A0D12E9A00010001A006 /* PianoSamplePlayer.swift in Sources */,
				AA47A0D12E9A00010001A011 /* PianoSampleStore.swift in Sources */,
				AA47A0D12E9A00010001A013 /* PianoVoice.swift in Sources */,
				AA47A0D12E9A00010001A015 /* PianoEngine.swift in Sources */,
			);
			runOnlyForDeploymentPostprocessing = 0;
		};
		D283F3CB262CCDF70069AF23 /* Sources */ = {
			isa = PBXSourcesBuildPhase;
			buildActionMask = 2147483647;
			files = (
				D283F4B5262CD30D0069AF23 /* ChordIntervalViewModel.swift in Sources */,
				D283F44D262CCF340069AF23 /* AnswerViewModel.swift in Sources */,
				D283F485262CD06F0069AF23 /* triadInts.swift in Sources */,
				D283F4BC262CD33C0069AF23 /* ChordIntervalModel.swift in Sources */,
				D283F470262CD0260069AF23 /* intervalDistances.swift in Sources */,
				D283F477262CD0450069AF23 /* scalesBuildModel.swift in Sources */,
				D283F47E262CD05F0069AF23 /* triadBuildModel.swift in Sources */,
				D283F454262CCF5F0069AF23 /* scalesViewModel.swift in Sources */,
				D283F462262CCFC20069AF23 /* triadViewModel.swift in Sources */,
				D283F3D4262CCDF70069AF23 /* Functional_HarmonyTests.swift in Sources */,
			);
			runOnlyForDeploymentPostprocessing = 0;
		};
		D283F3D6262CCDF70069AF23 /* Sources */ = {
			isa = PBXSourcesBuildPhase;
			buildActionMask = 2147483647;
			files = (
				D283F4B6262CD30D0069AF23 /* ChordIntervalViewModel.swift in Sources */,
				D283F44E262CCF340069AF23 /* AnswerViewModel.swift in Sources */,
				D283F486262CD06F0069AF23 /* triadInts.swift in Sources */,
				D283F4BD262CD33C0069AF23 /* ChordIntervalModel.swift in Sources */,
				D283F471262CD0260069AF23 /* intervalDistances.swift in Sources */,
				D283F478262CD0450069AF23 /* scalesBuildModel.swift in Sources */,
				D283F47F262CD05F0069AF23 /* triadBuildModel.swift in Sources */,
				D283F455262CCF5F0069AF23 /* scalesViewModel.swift in Sources */,
				D283F463262CCFC20069AF23 /* triadViewModel.swift in Sources */,
				D283F3DF262CCDF70069AF23 /* Functional_HarmonyUITests.swift in Sources */,
			);
			runOnlyForDeploymentPostprocessing = 0;
		};
/* End PBXSourcesBuildPhase section */

/* Begin PBXTargetDependency section */
		D283F3D1262CCDF70069AF23 /* PBXTargetDependency */ = {
			isa = PBXTargetDependency;
			target = D283F3BD262CCDF60069AF23 /* Functional Harmony */;
			targetProxy = D283F3D0262CCDF70069AF23 /* PBXContainerItemProxy */;
		};
		D283F3DC262CCDF70069AF23 /* PBXTargetDependency */ = {
			isa = PBXTargetDependency;
			target = D283F3BD262CCDF60069AF23 /* Functional Harmony */;
			targetProxy = D283F3DB262CCDF70069AF23 /* PBXContainerItemProxy */;
		};
/* End PBXTargetDependency section */

/* Begin XCBuildConfiguration section */
		D283F3E1262CCDF70069AF23 /* Debug */ = {
			isa = XCBuildConfiguration;
			buildSettings = {
				ALWAYS_SEARCH_USER_PATHS = NO;
				CLANG_ANALYZER_NONNULL = YES;
				CLANG_ANALYZER_NUMBER_OBJECT_CONVERSION = YES_AGGRESSIVE;
				CLANG_CXX_LANGUAGE_STANDARD = "gnu++14";
				CLANG_CXX_LIBRARY = "libc++";
				CLANG_ENABLE_MODULES = YES;
				CLANG_ENABLE_OBJC_ARC = YES;
				CLANG_ENABLE_OBJC_WEAK = YES;
				CLANG_WARN_BLOCK_CAPTURE_AUTORELEASING = YES;
				CLANG_WARN_BOOL_CONVERSION = YES;
				CLANG_WARN_COMMA = YES;
				CLANG_WARN_CONSTANT_CONVERSION = YES;
				CLANG_WARN_DEPRECATED_OBJC_IMPLEMENTATIONS = YES;
				CLANG_WARN_DIRECT_OBJC_ISA_USAGE = YES_ERROR;
				CLANG_WARN_DOCUMENTATION_COMMENTS = YES;
				CLANG_WARN_EMPTY_BODY = YES;
				CLANG_WARN_ENUM_CONVERSION = YES;
				CLANG_WARN_INFINITE_RECURSION = YES;
				CLANG_WARN_INT_CONVERSION = YES;
				CLANG_WARN_NON_LITERAL_NULL_CONVERSION = YES;
				CLANG_WARN_OBJC_IMPLICIT_RETAIN_SELF = YES;
				CLANG_WARN_OBJC_LITERAL_CONVERSION = YES;
				CLANG_WARN_OBJC_ROOT_CLASS = YES_ERROR;
				CLANG_WARN_QUOTED_INCLUDE_IN_FRAMEWORK_HEADER = YES;
				CLANG_WARN_RANGE_LOOP_ANALYSIS = YES;
				CLANG_WARN_STRICT_PROTOTYPES = YES;
				CLANG_WARN_SUSPICIOUS_MOVE = YES;
				CLANG_WARN_UNGUARDED_AVAILABILITY = YES_AGGRESSIVE;
				CLANG_WARN_UNREACHABLE_CODE = YES;
				CLANG_WARN__DUPLICATE_METHOD_MATCH = YES;
				COPY_PHASE_STRIP = NO;
				DEBUG_INFORMATION_FORMAT = dwarf;
				DEVELOPMENT_TEAM = 467UZHSCC3;
				ENABLE_STRICT_OBJC_MSGSEND = YES;
				ENABLE_TESTABILITY = YES;
				ENABLE_USER_SCRIPT_SANDBOXING = YES;
				GCC_C_LANGUAGE_STANDARD = gnu11;
				GCC_DYNAMIC_NO_PIC = NO;
				GCC_NO_COMMON_BLOCKS = YES;
				GCC_OPTIMIZATION_LEVEL = 0;
				GCC_PREPROCESSOR_DEFINITIONS = (
					"DEBUG=1",
					"$(inherited)",
				);
				GCC_WARN_64_TO_32_BIT_CONVERSION = YES;
				GCC_WARN_ABOUT_RETURN_TYPE = YES_ERROR;
				GCC_WARN_UNDECLARED_SELECTOR = YES;
				GCC_WARN_UNINITIALIZED_AUTOS = YES_AGGRESSIVE;
				GCC_WARN_UNUSED_FUNCTION = YES;
				GCC_WARN_UNUSED_VARIABLE = YES;
				IPHONEOS_DEPLOYMENT_TARGET = 15.0;
				MTL_ENABLE_DEBUG_INFO = INCLUDE_SOURCE;
				MTL_FAST_MATH = YES;
				ONLY_ACTIVE_ARCH = YES;
				SDKROOT = iphoneos;
				SWIFT_ACTIVE_COMPILATION_CONDITIONS = DEBUG;
				SWIFT_OPTIMIZATION_LEVEL = "-Onone";
			};
			name = Debug;
		};
		D283F3E2262CCDF70069AF23 /* Release */ = {
			isa = XCBuildConfiguration;
			buildSettings = {
				ALWAYS_SEARCH_USER_PATHS = NO;
				CLANG_ANALYZER_NONNULL = YES;
				CLANG_ANALYZER_NUMBER_OBJECT_CONVERSION = YES_AGGRESSIVE;
				CLANG_CXX_LANGUAGE_STANDARD = "gnu++14";
				CLANG_CXX_LIBRARY = "libc++";
				CLANG_ENABLE_MODULES = YES;
				CLANG_ENABLE_OBJC_ARC = YES;
				CLANG_ENABLE_OBJC_WEAK = YES;
				CLANG_WARN_BLOCK_CAPTURE_AUTORELEASING = YES;
				CLANG_WARN_BOOL_CONVERSION = YES;
				CLANG_WARN_COMMA = YES;
				CLANG_WARN_CONSTANT_CONVERSION = YES;
				CLANG_WARN_DEPRECATED_OBJC_IMPLEMENTATIONS = YES;
				CLANG_WARN_DIRECT_OBJC_ISA_USAGE = YES_ERROR;
				CLANG_WARN_DOCUMENTATION_COMMENTS = YES;
				CLANG_WARN_EMPTY_BODY = YES;
				CLANG_WARN_ENUM_CONVERSION = YES;
				CLANG_WARN_INFINITE_RECURSION = YES;
				CLANG_WARN_INT_CONVERSION = YES;
				CLANG_WARN_NON_LITERAL_NULL_CONVERSION = YES;
				CLANG_WARN_OBJC_IMPLICIT_RETAIN_SELF = YES;
				CLANG_WARN_OBJC_LITERAL_CONVERSION = YES;
				CLANG_WARN_OBJC_ROOT_CLASS = YES_ERROR;
				CLANG_WARN_QUOTED_INCLUDE_IN_FRAMEWORK_HEADER = YES;
				CLANG_WARN_RANGE_LOOP_ANALYSIS = YES;
				CLANG_WARN_STRICT_PROTOTYPES = YES;
				CLANG_WARN_SUSPICIOUS_MOVE = YES;
				CLANG_WARN_UNGUARDED_AVAILABILITY = YES_AGGRESSIVE;
				CLANG_WARN_UNREACHABLE_CODE = YES;
				CLANG_WARN__DUPLICATE_METHOD_MATCH = YES;
				COPY_PHASE_STRIP = NO;
				DEBUG_INFORMATION_FORMAT = "dwarf-with-dsym";
				DEVELOPMENT_TEAM = 467UZHSCC3;
				ENABLE_NS_ASSERTIONS = NO;
				ENABLE_STRICT_OBJC_MSGSEND = YES;
				ENABLE_USER_SCRIPT_SANDBOXING = YES;
				GCC_C_LANGUAGE_STANDARD = gnu11;
				GCC_NO_COMMON_BLOCKS = YES;
				GCC_WARN_64_TO_32_BIT_CONVERSION = YES;
				GCC_WARN_ABOUT_RETURN_TYPE = YES_ERROR;
				GCC_WARN_UNDECLARED_SELECTOR = YES;
				GCC_WARN_UNINITIALIZED_AUTOS = YES_AGGRESSIVE;
				GCC_WARN_UNUSED_FUNCTION = YES;
				GCC_WARN_UNUSED_VARIABLE = YES;
				IPHONEOS_DEPLOYMENT_TARGET = 15.0;
				MTL_ENABLE_DEBUG_INFO = NO;
				MTL_FAST_MATH = YES;
				SDKROOT = iphoneos;
				SWIFT_COMPILATION_MODE = wholemodule;
				SWIFT_OPTIMIZATION_LEVEL = "-O";
				VALIDATE_PRODUCT = YES;
			};
			name = Release;
		};
		D283F3E4262CCDF70069AF23 /* Debug */ = {
			isa = XCBuildConfiguration;
			buildSettings = {
				ASSETCATALOG_COMPILER_APPICON_NAME = AppIcon;
				ASSETCATALOG_COMPILER_GLOBAL_ACCENT_COLOR_NAME = AccentColor;
				CODE_SIGN_STYLE = Automatic;
				DEVELOPMENT_ASSET_PATHS = "\"Functional Harmony/Preview Content\"";
				ENABLE_PREVIEWS = YES;
				INFOPLIST_FILE = "Functional Harmony/Info.plist";
				INFOPLIST_KEY_CFBundleDisplayName = FH;
				IPHONEOS_DEPLOYMENT_TARGET = 18.0;
				LD_RUNPATH_SEARCH_PATHS = (
					"$(inherited)",
					"@executable_path/Frameworks",
				);
				MARKETING_VERSION = 2.0.0;
				PRODUCT_BUNDLE_IDENTIFIER = "com.dpstudios.Chord-Solver";
				PRODUCT_NAME = "$(TARGET_NAME)";
				SWIFT_VERSION = 5.0;
				TARGETED_DEVICE_FAMILY = "1,2";
			};
			name = Debug;
		};
		D283F3E5262CCDF70069AF23 /* Release */ = {
			isa = XCBuildConfiguration;
			buildSettings = {
				ASSETCATALOG_COMPILER_APPICON_NAME = AppIcon;
				ASSETCATALOG_COMPILER_GLOBAL_ACCENT_COLOR_NAME = AccentColor;
				CODE_SIGN_STYLE = Automatic;
				DEVELOPMENT_ASSET_PATHS = "\"Functional Harmony/Preview Content\"";
				ENABLE_PREVIEWS = YES;
				INFOPLIST_FILE = "Functional Harmony/Info.plist";
				INFOPLIST_KEY_CFBundleDisplayName = FH;
				IPHONEOS_DEPLOYMENT_TARGET = 18.0;
				LD_RUNPATH_SEARCH_PATHS = (
					"$(inherited)",
					"@executable_path/Frameworks",
				);
				MARKETING_VERSION = 2.0.0;
				PRODUCT_BUNDLE_IDENTIFIER = "com.dpstudios.Chord-Solver";
				PRODUCT_NAME = "$(TARGET_NAME)";
				SWIFT_VERSION = 5.0;
				TARGETED_DEVICE_FAMILY = "1,2";
			};
			name = Release;
		};
		D283F3E7262CCDF70069AF23 /* Debug */ = {
			isa = XCBuildConfiguration;
			buildSettings = {
				BUNDLE_LOADER = "$(TEST_HOST)";
				CODE_SIGN_STYLE = Automatic;
				INFOPLIST_FILE = "Functional HarmonyTests/Info.plist";
				IPHONEOS_DEPLOYMENT_TARGET = 18.0;
				LD_RUNPATH_SEARCH_PATHS = (
					"$(inherited)",
					"@executable_path/Frameworks",
					"@loader_path/Frameworks",
				);
				PRODUCT_BUNDLE_IDENTIFIER = "com.dpstudios.Chord-SolverTests";
				PRODUCT_NAME = "$(TARGET_NAME)";
				SWIFT_VERSION = 5.0;
				TARGETED_DEVICE_FAMILY = "1,2";
				TEST_HOST = "$(BUILT_PRODUCTS_DIR)/Functional Harmony.app/Functional Harmony";
			};
			name = Debug;
		};
		D283F3E8262CCDF70069AF23 /* Release */ = {
			isa = XCBuildConfiguration;
			buildSettings = {
				BUNDLE_LOADER = "$(TEST_HOST)";
				CODE_SIGN_STYLE = Automatic;
				INFOPLIST_FILE = "Functional HarmonyTests/Info.plist";
				IPHONEOS_DEPLOYMENT_TARGET = 18.0;
				LD_RUNPATH_SEARCH_PATHS = (
					"$(inherited)",
					"@executable_path/Frameworks",
					"@loader_path/Frameworks",
				);
				PRODUCT_BUNDLE_IDENTIFIER = "com.dpstudios.Chord-SolverTests";
				PRODUCT_NAME = "$(TARGET_NAME)";
				SWIFT_VERSION = 5.0;
				TARGETED_DEVICE_FAMILY = "1,2";
				TEST_HOST = "$(BUILT_PRODUCTS_DIR)/Functional Harmony.app/Functional Harmony";
			};
			name = Release;
		};
		D283F3EA262CCDF70069AF23 /* Debug */ = {
			isa = XCBuildConfiguration;
			buildSettings = {
				CODE_SIGN_STYLE = Automatic;
				INFOPLIST_FILE = "Functional HarmonyUITests/Info.plist";
				LD_RUNPATH_SEARCH_PATHS = (
					"$(inherited)",
					"@executable_path/Frameworks",
					"@loader_path/Frameworks",
				);
				PRODUCT_BUNDLE_IDENTIFIER = "com.dpstudios.Chord-SolverUITests";
				PRODUCT_NAME = "$(TARGET_NAME)";
				SWIFT_VERSION = 5.0;
				TARGETED_DEVICE_FAMILY = "1,2";
				TEST_TARGET_NAME = "Functional Harmony";
			};
			name = Debug;
		};
		D283F3EB262CCDF70069AF23 /* Release */ = {
			isa = XCBuildConfiguration;
			buildSettings = {
				CODE_SIGN_STYLE = Automatic;
				INFOPLIST_FILE = "Functional HarmonyUITests/Info.plist";
				LD_RUNPATH_SEARCH_PATHS = (
					"$(inherited)",
					"@executable_path/Frameworks",
					"@loader_path/Frameworks",
				);
				PRODUCT_BUNDLE_IDENTIFIER = "com.dpstudios.Chord-SolverUITests";
				PRODUCT_NAME = "$(TARGET_NAME)";
				SWIFT_VERSION = 5.0;
				TARGETED_DEVICE_FAMILY = "1,2";
				TEST_TARGET_NAME = "Functional Harmony";
			};
			name = Release;
		};
/* End XCBuildConfiguration section */

/* Begin XCConfigurationList section */
		D283F3B9262CCDF60069AF23 /* Build configuration list for PBXProject "Functional Harmony" */ = {
			isa = XCConfigurationList;
			buildConfigurations = (
				D283F3E1262CCDF70069AF23 /* Debug */,
				D283F3E2262CCDF70069AF23 /* Release */,
			);
			defaultConfigurationIsVisible = 0;
			defaultConfigurationName = Release;
		};
		D283F3E3262CCDF70069AF23 /* Build configuration list for PBXNativeTarget "Functional Harmony" */ = {
			isa = XCConfigurationList;
			buildConfigurations = (
				D283F3E4262CCDF70069AF23 /* Debug */,
				D283F3E5262CCDF70069AF23 /* Release */,
			);
			defaultConfigurationIsVisible = 0;
			defaultConfigurationName = Release;
		};
		D283F3E6262CCDF70069AF23 /* Build configuration list for PBXNativeTarget "Functional HarmonyTests" */ = {
			isa = XCConfigurationList;
			buildConfigurations = (
				D283F3E7262CCDF70069AF23 /* Debug */,
				D283F3E8262CCDF70069AF23 /* Release */,
			);
			defaultConfigurationIsVisible = 0;
			defaultConfigurationName = Release;
		};
		D283F3E9262CCDF70069AF23 /* Build configuration list for PBXNativeTarget "Functional HarmonyUITests" */ = {
			isa = XCConfigurationList;
			buildConfigurations = (
				D283F3EA262CCDF70069AF23 /* Debug */,
				D283F3EB262CCDF70069AF23 /* Release */,
			);
			defaultConfigurationIsVisible = 0;
			defaultConfigurationName = Release;
		};
/* End XCConfigurationList section */
	};
	rootObject = D283F3B6262CCDF60069AF23 /* Project object */;
}
